// !$*UTF8*$!
{
	archiveVersion = 1;
	classes = {
	};
	objectVersion = 77;
	objects = {

/* Begin PBXBuildFile section */
		1FA2F9A42FB23BDF00F0B1A7 /* AppDelegate.swift in Sources */ = {isa = PBXBuildFile; fileRef = 1FA2F9A32FB23BDF00F0B1A7 /* AppDelegate.swift */; };
		1FA2F9A82FB23BDF00F0B1A7 /* Main.html in Resources */ = {isa = PBXBuildFile; fileRef = 1FA2F9A62FB23BDF00F0B1A7 /* Main.html */; };
		1FA2F9AA2FB23BDF00F0B1A7 /* Icon.png in Resources */ = {isa = PBXBuildFile; fileRef = 1FA2F9A92FB23BDF00F0B1A7 /* Icon.png */; };
		1FA2F9AC2FB23BDF00F0B1A7 /* Style.css in Resources */ = {isa = PBXBuildFile; fileRef = 1FA2F9AB2FB23BDF00F0B1A7 /* Style.css */; };
		1FA2F9AE2FB23BDF00F0B1A7 /* Script.js in Resources */ = {isa = PBXBuildFile; fileRef = 1FA2F9AD2FB23BDF00F0B1A7 /* Script.js */; };
		1FA2F9B02FB23BDF00F0B1A7 /* ViewController.swift in Sources */ = {isa = PBXBuildFile; fileRef = 1FA2F9AF2FB23BDF00F0B1A7 /* ViewController.swift */; };
		1FA2F9B32FB23BDF00F0B1A7 /* Main.storyboard in Resources */ = {isa = PBXBuildFile; fileRef = 1FA2F9B12FB23BDF00F0B1A7 /* Main.storyboard */; };
		1FA2F9B52FB23BE000F0B1A7 /* Assets.xcassets in Resources */ = {isa = PBXBuildFile; fileRef = 1FA2F9B42FB23BE000F0B1A7 /* Assets.xcassets */; };
		1FA2F9BC2FB23BE000F0B1A7 /* SymphonyToolsSafari Extension.appex in Embed Foundation Extensions */ = {isa = PBXBuildFile; fileRef = 1FA2F9BB2FB23BE000F0B1A7 /* SymphonyToolsSafari Extension.appex */; settings = {ATTRIBUTES = (RemoveHeadersOnCopy, ); }; };
		1FA2F9C12FB23BE000F0B1A7 /* SafariWebExtensionHandler.swift in Sources */ = {isa = PBXBuildFile; fileRef = 1FA2F9C02FB23BE000F0B1A7 /* SafariWebExtensionHandler.swift */; };
		1FA2F9D62FB23BE100F0B1A7 /* symphony.js in Resources */ = {isa = PBXBuildFile; fileRef = 1FA2F9CD2FB23BE100F0B1A7 /* symphony.js */; };
		1FA2F9D72FB23BE100F0B1A7 /* popup.js in Resources */ = {isa = PBXBuildFile; fileRef = 1FA2F9CE2FB23BE100F0B1A7 /* popup.js */; };
		1FA2F9D82FB23BE100F0B1A7 /* injector.js in Resources */ = {isa = PBXBuildFile; fileRef = 1FA2F9CF2FB23BE100F0B1A7 /* injector.js */; };
		1FA2F9D92FB23BE100F0B1A7 /* bridge.js in Resources */ = {isa = PBXBuildFile; fileRef = 1FA2F9D02FB23BE100F0B1A7 /* bridge.js */; };
		1FA2F9DA2FB23BE100F0B1A7 /* images in Resources */ = {isa = PBXBuildFile; fileRef = 1FA2F9D12FB23BE100F0B1A7 /* images */; };
		1FA2F9DB2FB23BE100F0B1A7 /* popup.html in Resources */ = {isa = PBXBuildFile; fileRef = 1FA2F9D22FB23BE100F0B1A7 /* popup.html */; };
		1FA2F9DC2FB23BE100F0B1A7 /* extension-api.js in Resources */ = {isa = PBXBuildFile; fileRef = 1FA2F9D32FB23BE100F0B1A7 /* extension-api.js */; };
		1FA2F9DD2FB23BE100F0B1A7 /* manifest.json in Resources */ = {isa = PBXBuildFile; fileRef = 1FA2F9D42FB23BE100F0B1A7 /* manifest.json */; };
		1FA2F9DE2FB23BE100F0B1A7 /* common.js in Resources */ = {isa = PBXBuildFile; fileRef = 1FA2F9D52FB23BE100F0B1A7 /* common.js */; };
/* End PBXBuildFile section */

/* Begin PBXContainerItemProxy section */
		1FA2F9BD2FB23BE000F0B1A7 /* PBXContainerItemProxy */ = {
			isa = PBXContainerItemProxy;
			containerPortal = 1FA2F9982FB23BDF00F0B1A7 /* Project object */;
			proxyType = 1;
			remoteGlobalIDString = 1FA2F9BA2FB23BE000F0B1A7;
			remoteInfo = "SymphonyToolsSafari Extension";
		};
/* End PBXContainerItemProxy section */

/* Begin PBXCopyFilesBuildPhase section */
		1FA2F9C82FB23BE000F0B1A7 /* Embed Foundation Extensions */ = {
			isa = PBXCopyFilesBuildPhase;
			buildActionMask = 2147483647;
			dstPath = "";
			dstSubfolderSpec = 13;
			files = (
				1FA2F9BC2FB23BE000F0B1A7 /* SymphonyToolsSafari Extension.appex in Embed Foundation Extensions */,
			);
			name = "Embed Foundation Extensions";
			runOnlyForDeploymentPostprocessing = 0;
		};
/* End PBXCopyFilesBuildPhase section */

/* Begin PBXFileReference section */
		1FA2F9A02FB23BDF00F0B1A7 /* SymphonyToolsSafari.app */ = {isa = PBXFileReference; explicitFileType = wrapper.application; includeInIndex = 0; path = SymphonyToolsSafari.app; sourceTree = BUILT_PRODUCTS_DIR; };
		1FA2F9A32FB23BDF00F0B1A7 /* AppDelegate.swift */ = {isa = PBXFileReference; lastKnownFileType = sourcecode.swift; path = AppDelegate.swift; sourceTree = "<group>"; };
		1FA2F9A72FB23BDF00F0B1A7 /* Base */ = {isa = PBXFileReference; lastKnownFileType = text.html; name = Base; path = Base.lproj/Main.html; sourceTree = "<group>"; };
		1FA2F9A92FB23BDF00F0B1A7 /* Icon.png */ = {isa = PBXFileReference; lastKnownFileType = image.png; path = Icon.png; sourceTree = "<group>"; };
		1FA2F9AB2FB23BDF00F0B1A7 /* Style.css */ = {isa = PBXFileReference; lastKnownFileType = text.css; path = Style.css; sourceTree = "<group>"; };
		1FA2F9AD2FB23BDF00F0B1A7 /* Script.js */ = {isa = PBXFileReference; lastKnownFileType = sourcecode.javascript; path = Script.js; sourceTree = "<group>"; };
		1FA2F9AF2FB23BDF00F0B1A7 /* ViewController.swift */ = {isa = PBXFileReference; lastKnownFileType = sourcecode.swift; path = ViewController.swift; sourceTree = "<group>"; };
		1FA2F9B22FB23BDF00F0B1A7 /* Base */ = {isa = PBXFileReference; lastKnownFileType = file.storyboard; name = Base; path = Base.lproj/Main.storyboard; sourceTree = "<group>"; };
		1FA2F9B42FB23BE000F0B1A7 /* Assets.xcassets */ = {isa = PBXFileReference; lastKnownFileType = folder.assetcatalog; path = Assets.xcassets; sourceTree = "<group>"; };
		1FA2F9B62FB23BE000F0B1A7 /* Info.plist */ = {isa = PBXFileReference; lastKnownFileType = text.plist.xml; path = Info.plist; sourceTree = "<group>"; };
		1FA2F9BB2FB23BE000F0B1A7 /* SymphonyToolsSafari Extension.appex */ = {isa = PBXFileReference; explicitFileType = "wrapper.app-extension"; includeInIndex = 0; path = "SymphonyToolsSafari Extension.appex"; sourceTree = BUILT_PRODUCTS_DIR; };
		1FA2F9C02FB23BE000F0B1A7 /* SafariWebExtensionHandler.swift */ = {isa = PBXFileReference; lastKnownFileType = sourcecode.swift; path = SafariWebExtensionHandler.swift; sourceTree = "<group>"; };
		1FA2F9C22FB23BE000F0B1A7 /* Info.plist */ = {isa = PBXFileReference; lastKnownFileType = text.plist.xml; path = Info.plist; sourceTree = "<group>"; };
		1FA2F9CD2FB23BE100F0B1A7 /* symphony.js */ = {isa = PBXFileReference; lastKnownFileType = sourcecode.javascript; name = symphony.js; path = ../../../src/symphony.js; sourceTree = "<group>"; };
		1FA2F9CE2FB23BE100F0B1A7 /* popup.js */ = {isa = PBXFileReference; lastKnownFileType = sourcecode.javascript; name = popup.js; path = ../../../src/popup.js; sourceTree = "<group>"; };
		1FA2F9CF2FB23BE100F0B1A7 /* injector.js */ = {isa = PBXFileReference; lastKnownFileType = sourcecode.javascript; name = injector.js; path = ../../../src/injector.js; sourceTree = "<group>"; };
		1FA2F9D02FB23BE100F0B1A7 /* bridge.js */ = {isa = PBXFileReference; lastKnownFileType = sourcecode.javascript; name = bridge.js; path = ../../../src/bridge.js; sourceTree = "<group>"; };
		1FA2F9D12FB23BE100F0B1A7 /* images */ = {isa = PBXFileReference; lastKnownFileType = folder; name = images; path = ../../../src/images; sourceTree = "<group>"; };
		1FA2F9D22FB23BE100F0B1A7 /* popup.html */ = {isa = PBXFileReference; lastKnownFileType = text.html; name = popup.html; path = ../../../src/popup.html; sourceTree = "<group>"; };
		1FA2F9D32FB23BE100F0B1A7 /* extension-api.js */ = {isa = PBXFileReference; lastKnownFileType = sourcecode.javascript; name = "extension-api.js"; path = "../../../src/extension-api.js"; sourceTree = "<group>"; };
		1FA2F9D42FB23BE100F0B1A7 /* manifest.json */ = {isa = PBXFileReference; lastKnownFileType = text.json; name = manifest.json; path = ../../../src/manifest.json; sourceTree = "<group>"; };
		1FA2F9D52FB23BE100F0B1A7 /* common.js */ = {isa = PBXFileReference; lastKnownFileType = sourcecode.javascript; name = common.js; path = ../../../src/common.js; sourceTree = "<group>"; };
/* End PBXFileReference section */

/* Begin PBXFrameworksBuildPhase section */
		1FA2F99D2FB23BDF00F0B1A7 /* Frameworks */ = {
			isa = PBXFrameworksBuildPhase;
			buildActionMask = 2147483647;
			files = (
			);
			runOnlyForDeploymentPostprocessing = 0;
		};
		1FA2F9B82FB23BE000F0B1A7 /* Frameworks */ = {
			isa = PBXFrameworksBuildPhase;
			buildActionMask = 2147483647;
			files = (
			);
			runOnlyForDeploymentPostprocessing = 0;
		};
/* End PBXFrameworksBuildPhase section */

/* Begin PBXGroup section */
		1FA2F9972FB23BDF00F0B1A7 = {
			isa = PBXGroup;
			children = (
				1FA2F9A22FB23BDF00F0B1A7 /* SymphonyToolsSafari */,
				1FA2F9BF2FB23BE000F0B1A7 /* SymphonyToolsSafari Extension */,
				1FA2F9A12FB23BDF00F0B1A7 /* Products */,
			);
			sourceTree = "<group>";
		};
		1FA2F9A12FB23BDF00F0B1A7 /* Products */ = {
			isa = PBXGroup;
			children = (
				1FA2F9A02FB23BDF00F0B1A7 /* SymphonyToolsSafari.app */,
				1FA2F9BB2FB23BE000F0B1A7 /* SymphonyToolsSafari Extension.appex */,
			);
			name = Products;
			sourceTree = "<group>";
		};
		1FA2F9A22FB23BDF00F0B1A7 /* SymphonyToolsSafari */ = {
			isa = PBXGroup;
			children = (
				1FA2F9A32FB23BDF00F0B1A7 /* AppDelegate.swift */,
				1FA2F9AF2FB23BDF00F0B1A7 /* ViewController.swift */,
				1FA2F9B12FB23BDF00F0B1A7 /* Main.storyboard */,
				1FA2F9B42FB23BE000F0B1A7 /* Assets.xcassets */,
				1FA2F9B62FB23BE000F0B1A7 /* Info.plist */,
				1FA2F9A52FB23BDF00F0B1A7 /* Resources */,
			);
			path = SymphonyToolsSafari;
			sourceTree = "<group>";
		};
		1FA2F9A52FB23BDF00F0B1A7 /* Resources */ = {
			isa = PBXGroup;
			children = (
				1FA2F9A62FB23BDF00F0B1A7 /* Main.html */,
				1FA2F9A92FB23BDF00F0B1A7 /* Icon.png */,
				1FA2F9AB2FB23BDF00F0B1A7 /* Style.css */,
				1FA2F9AD2FB23BDF00F0B1A7 /* Script.js */,
			);
			path = Resources;
			sourceTree = "<group>";
		};
		1FA2F9BF2FB23BE000F0B1A7 /* SymphonyToolsSafari Extension */ = {
			isa = PBXGroup;
			children = (
				1FA2F9CC2FB23BE100F0B1A7 /* Resources */,
				1FA2F9C02FB23BE000F0B1A7 /* SafariWebExtensionHandler.swift */,
				1FA2F9C22FB23BE000F0B1A7 /* Info.plist */,
			);
			path = "SymphonyToolsSafari Extension";
			sourceTree = "<group>";
		};
		1FA2F9CC2FB23BE100F0B1A7 /* Resources */ = {
			isa = PBXGroup;
			children = (
				1FA2F9CD2FB23BE100F0B1A7 /* symphony.js */,
				1FA2F9CE2FB23BE100F0B1A7 /* popup.js */,
				1FA2F9CF2FB23BE100F0B1A7 /* injector.js */,
				1FA2F9D02FB23BE100F0B1A7 /* bridge.js */,
				1FA2F9D12FB23BE100F0B1A7 /* images */,
				1FA2F9D22FB23BE100F0B1A7 /* popup.html */,
				1FA2F9D32FB23BE100F0B1A7 /* extension-api.js */,
				1FA2F9D42FB23BE100F0B1A7 /* manifest.json */,
				1FA2F9D52FB23BE100F0B1A7 /* common.js */,
			);
			name = Resources;
			path = "SymphonyToolsSafari Extension";
			sourceTree = SOURCE_ROOT;
		};
/* End PBXGroup section */

/* Begin PBXNativeTarget section */
		1FA2F99F2FB23BDF00F0B1A7 /* SymphonyToolsSafari */ = {
			isa = PBXNativeTarget;
			buildConfigurationList = 1FA2F9C92FB23BE000F0B1A7 /* Build configuration list for PBXNativeTarget "SymphonyToolsSafari" */;
			buildPhases = (
				1FA2F99C2FB23BDF00F0B1A7 /* Sources */,
				1FA2F99D2FB23BDF00F0B1A7 /* Frameworks */,
				1FA2F99E2FB23BDF00F0B1A7 /* Resources */,
				1FA2F9C82FB23BE000F0B1A7 /* Embed Foundation Extensions */,
			);
			buildRules = (
			);
			dependencies = (
				1FA2F9BE2FB23BE000F0B1A7 /* PBXTargetDependency */,
			);
			name = SymphonyToolsSafari;
			packageProductDependencies = (
			);
			productName = SymphonyToolsSafari;
			productReference = 1FA2F9A02FB23BDF00F0B1A7 /* SymphonyToolsSafari.app */;
			productType = "com.apple.product-type.application";
		};
		1FA2F9BA2FB23BE000F0B1A7 /* SymphonyToolsSafari Extension */ = {
			isa = PBXNativeTarget;
			buildConfigurationList = 1FA2F9C52FB23BE000F0B1A7 /* Build configuration list for PBXNativeTarget "SymphonyToolsSafari Extension" */;
			buildPhases = (
				1FA2F9B72FB23BE000F0B1A7 /* Sources */,
				1FA2F9B82FB23BE000F0B1A7 /* Frameworks */,
				1FA2F9B92FB23BE000F0B1A7 /* Resources */,
			);
			buildRules = (
			);
			dependencies = (
			);
			name = "SymphonyToolsSafari Extension";
			packageProductDependencies = (
			);
			productName = "SymphonyToolsSafari Extension";
			productReference = 1FA2F9BB2FB23BE000F0B1A7 /* SymphonyToolsSafari Extension.appex */;
			productType = "com.apple.product-type.app-extension";
		};
/* End PBXNativeTarget section */

/* Begin PBXProject section */
		1FA2F9982FB23BDF00F0B1A7 /* Project object */ = {
			isa = PBXProject;
			attributes = {
				BuildIndependentTargetsInParallel = 1;
				LastSwiftUpdateCheck = 2630;
				LastUpgradeCheck = 2630;
				TargetAttributes = {
					1FA2F99F2FB23BDF00F0B1A7 = {
						CreatedOnToolsVersion = 26.3;
					};
					1FA2F9BA2FB23BE000F0B1A7 = {
						CreatedOnToolsVersion = 26.3;
					};
				};
			};
			buildConfigurationList = 1FA2F99B2FB23BDF00F0B1A7 /* Build configuration list for PBXProject "SymphonyToolsSafari" */;
			developmentRegion = en;
			hasScannedForEncodings = 0;
			knownRegions = (
				en,
				Base,
			);
			mainGroup = 1FA2F9972FB23BDF00F0B1A7;
			minimizedProjectReferenceProxies = 1;
			preferredProjectObjectVersion = 77;
			productRefGroup = 1FA2F9A12FB23BDF00F0B1A7 /* Products */;
			projectDirPath = "";
			projectRoot = "";
			targets = (
				1FA2F99F2FB23BDF00F0B1A7 /* SymphonyToolsSafari */,
				1FA2F9BA2FB23BE000F0B1A7 /* SymphonyToolsSafari Extension */,
			);
		};
/* End PBXProject section */

/* Begin PBXResourcesBuildPhase section */
		1FA2F99E2FB23BDF00F0B1A7 /* Resources */ = {
			isa = PBXResourcesBuildPhase;
			buildActionMask = 2147483647;
			files = (
				1FA2F9AA2FB23BDF00F0B1A7 /* Icon.png in Resources */,
				1FA2F9B32FB23BDF00F0B1A7 /* Main.storyboard in Resources */,
				1FA2F9AE2FB23BDF00F0B1A7 /* Script.js in Resources */,
				1FA2F9A82FB23BDF00F0B1A7 /* Main.html in Resources */,
				1FA2F9B52FB23BE000F0B1A7 /* Assets.xcassets in Resources */,
				1FA2F9AC2FB23BDF00F0B1A7 /* Style.css in Resources */,
			);
			runOnlyForDeploymentPostprocessing = 0;
		};
		1FA2F9B92FB23BE000F0B1A7 /* Resources */ = {
			isa = PBXResourcesBuildPhase;
			buildActionMask = 2147483647;
			files = (
				1FA2F9DE2FB23BE100F0B1A7 /* common.js in Resources */,
				1FA2F9DA2FB23BE100F0B1A7 /* images in Resources */,
				1FA2F9DB2FB23BE100F0B1A7 /* popup.html in Resources */,
				1FA2F9D62FB23BE100F0B1A7 /* symphony.js in Resources */,
				1FA2F9D92FB23BE100F0B1A7 /* bridge.js in Resources */,
				1FA2F9DD2FB23BE100F0B1A7 /* manifest.json in Resources */,
				1FA2F9D82FB23BE100F0B1A7 /* injector.js in Resources */,
				1FA2F9DC2FB23BE100F0B1A7 /* extension-api.js in Resources */,
				1FA2F9D72FB23BE100F0B1A7 /* popup.js in Resources */,
			);
			runOnlyForDeploymentPostprocessing = 0;
		};
/* End PBXResourcesBuildPhase section */

/* Begin PBXSourcesBuildPhase section */
		1FA2F99C2FB23BDF00F0B1A7 /* Sources */ = {
			isa = PBXSourcesBuildPhase;
			buildActionMask = 2147483647;
			files = (
				1FA2F9B02FB23BDF00F0B1A7 /* ViewController.swift in Sources */,
				1FA2F9A42FB23BDF00F0B1A7 /* AppDelegate.swift in Sources */,
			);
			runOnlyForDeploymentPostprocessing = 0;
		};
		1FA2F9B72FB23BE000F0B1A7 /* Sources */ = {
			isa = PBXSourcesBuildPhase;
			buildActionMask = 2147483647;
			files = (
				1FA2F9C12FB23BE000F0B1A7 /* SafariWebExtensionHandler.swift in Sources */,
			);
			runOnlyForDeploymentPostprocessing = 0;
		};
/* End PBXSourcesBuildPhase section */

/* Begin PBXTargetDependency section */
		1FA2F9BE2FB23BE000F0B1A7 /* PBXTargetDependency */ = {
			isa = PBXTargetDependency;
			target = 1FA2F9BA2FB23BE000F0B1A7 /* SymphonyToolsSafari Extension */;
			targetProxy = 1FA2F9BD2FB23BE000F0B1A7 /* PBXContainerItemProxy */;
		};
/* End PBXTargetDependency section */

/* Begin PBXVariantGroup section */
		1FA2F9A62FB23BDF00F0B1A7 /* Main.html */ = {
			isa = PBXVariantGroup;
			children = (
				1FA2F9A72FB23BDF00F0B1A7 /* Base */,
			);
			name = Main.html;
			sourceTree = "<group>";
		};
		1FA2F9B12FB23BDF00F0B1A7 /* Main.storyboard */ = {
			isa = PBXVariantGroup;
			children = (
				1FA2F9B22FB23BDF00F0B1A7 /* Base */,
			);
			name = Main.storyboard;
			sourceTree = "<group>";
		};
/* End PBXVariantGroup section */

/* Begin XCBuildConfiguration section */
		1FA2F9C32FB23BE000F0B1A7 /* Debug */ = {
			isa = XCBuildConfiguration;
			buildSettings = {
				ALWAYS_SEARCH_USER_PATHS = NO;
				ASSETCATALOG_COMPILER_GENERATE_SWIFT_ASSET_SYMBOL_EXTENSIONS = YES;
				CLANG_ANALYZER_NONNULL = YES;
				CLANG_ANALYZER_NUMBER_OBJECT_CONVERSION = YES_AGGRESSIVE;
				CLANG_CXX_LANGUAGE_STANDARD = "gnu++20";
				CLANG_ENABLE_MODULES = YES;
				CLANG_ENABLE_OBJC_ARC = YES;
				CLANG_ENABLE_OBJC_WEAK = YES;
				CLANG_WARN_BLOCK_CAPTURE_AUTORELEASING = YES;
				CLANG_WARN_BOOL_CONVERSION = YES;
				CLANG_WARN_COMMA = YES;
				CLANG_WARN_CONSTANT_CONVERSION = YES;
				CLANG_WARN_DEPRECATED_OBJC_IMPLEMENTATIONS = YES;
				CLANG_WARN_DIRECT_OBJC_ISA_USAGE = YES_ERROR;
				CLANG_WARN_DOCUMENTATION_COMMENTS = YES;
				CLANG_WARN_EMPTY_BODY = YES;
				CLANG_WARN_ENUM_CONVERSION = YES;
				CLANG_WARN_INFINITE_RECURSION = YES;
				CLANG_WARN_INT_CONVERSION = YES;
				CLANG_WARN_NON_LITERAL_NULL_CONVERSION = YES;
				CLANG_WARN_OBJC_IMPLICIT_RETAIN_SELF = YES;
				CLANG_WARN_OBJC_LITERAL_CONVERSION = YES;
				CLANG_WARN_OBJC_ROOT_CLASS = YES_ERROR;
				CLANG_WARN_QUOTED_INCLUDE_IN_FRAMEWORK_HEADER = YES;
				CLANG_WARN_RANGE_LOOP_ANALYSIS = YES;
				CLANG_WARN_STRICT_PROTOTYPES = YES;
				CLANG_WARN_SUSPICIOUS_MOVE = YES;
				CLANG_WARN_UNGUARDED_AVAILABILITY = YES_AGGRESSIVE;
				CLANG_WARN_UNREACHABLE_CODE = YES;
				CLANG_WARN__DUPLICATE_METHOD_MATCH = YES;
				COPY_PHASE_STRIP = NO;
				DEBUG_INFORMATION_FORMAT = dwarf;
				ENABLE_STRICT_OBJC_MSGSEND = YES;
				ENABLE_TESTABILITY = YES;
				ENABLE_USER_SCRIPT_SANDBOXING = YES;
				GCC_C_LANGUAGE_STANDARD = gnu17;
				GCC_DYNAMIC_NO_PIC = NO;
				GCC_NO_COMMON_BLOCKS = YES;
				GCC_OPTIMIZATION_LEVEL = 0;
				GCC_PREPROCESSOR_DEFINITIONS = (
					"DEBUG=1",
					"$(inherited)",
				);
				GCC_WARN_64_TO_32_BIT_CONVERSION = YES;
				GCC_WARN_ABOUT_RETURN_TYPE = YES_ERROR;
				GCC_WARN_UNDECLARED_SELECTOR = YES;
				GCC_WARN_UNINITIALIZED_AUTOS = YES_AGGRESSIVE;
				GCC_WARN_UNUSED_FUNCTION = YES;
				GCC_WARN_UNUSED_VARIABLE = YES;
				LOCALIZATION_PREFERS_STRING_CATALOGS = YES;
				MACOSX_DEPLOYMENT_TARGET = 15.7;
				MTL_ENABLE_DEBUG_INFO = INCLUDE_SOURCE;
				MTL_FAST_MATH = YES;
				ONLY_ACTIVE_ARCH = YES;
				SDKROOT = macosx;
				SWIFT_ACTIVE_COMPILATION_CONDITIONS = "DEBUG $(inherited)";
				SWIFT_OPTIMIZATION_LEVEL = "-Onone";
			};
			name = Debug;
		};
		1FA2F9C42FB23BE000F0B1A7 /* Release */ = {
			isa = XCBuildConfiguration;
			buildSettings = {
				ALWAYS_SEARCH_USER_PATHS = NO;
				ASSETCATALOG_COMPILER_GENERATE_SWIFT_ASSET_SYMBOL_EXTENSIONS = YES;
				CLANG_ANALYZER_NONNULL = YES;
				CLANG_ANALYZER_NUMBER_OBJECT_CONVERSION = YES_AGGRESSIVE;
				CLANG_CXX_LANGUAGE_STANDARD = "gnu++20";
				CLANG_ENABLE_MODULES = YES;
				CLANG_ENABLE_OBJC_ARC = YES;
				CLANG_ENABLE_OBJC_WEAK = YES;
				CLANG_WARN_BLOCK_CAPTURE_AUTORELEASING = YES;
				CLANG_WARN_BOOL_CONVERSION = YES;
				CLANG_WARN_COMMA = YES;
				CLANG_WARN_CONSTANT_CONVERSION = YES;
				CLANG_WARN_DEPRECATED_OBJC_IMPLEMENTATIONS = YES;
				CLANG_WARN_DIRECT_OBJC_ISA_USAGE = YES_ERROR;
				CLANG_WARN_DOCUMENTATION_COMMENTS = YES;
				CLANG_WARN_EMPTY_BODY = YES;
				CLANG_WARN_ENUM_CONVERSION = YES;
				CLANG_WARN_INFINITE_RECURSION = YES;
				CLANG_WARN_INT_CONVERSION = YES;
				CLANG_WARN_NON_LITERAL_NULL_CONVERSION = YES;
				CLANG_WARN_OBJC_IMPLICIT_RETAIN_SELF = YES;
				CLANG_WARN_OBJC_LITERAL_CONVERSION = YES;
				CLANG_WARN_OBJC_ROOT_CLASS = YES_ERROR;
				CLANG_WARN_QUOTED_INCLUDE_IN_FRAMEWORK_HEADER = YES;
				CLANG_WARN_RANGE_LOOP_ANALYSIS = YES;
				CLANG_WARN_STRICT_PROTOTYPES = YES;
				CLANG_WARN_SUSPICIOUS_MOVE = YES;
				CLANG_WARN_UNGUARDED_AVAILABILITY = YES_AGGRESSIVE;
				CLANG_WARN_UNREACHABLE_CODE = YES;
				CLANG_WARN__DUPLICATE_METHOD_MATCH = YES;
				COPY_PHASE_STRIP = NO;
				DEBUG_INFORMATION_FORMAT = "dwarf-with-dsym";
				ENABLE_NS_ASSERTIONS = NO;
				ENABLE_STRICT_OBJC_MSGSEND = YES;
				ENABLE_USER_SCRIPT_SANDBOXING = YES;
				GCC_C_LANGUAGE_STANDARD = gnu17;
				GCC_NO_COMMON_BLOCKS = YES;
				GCC_WARN_64_TO_32_BIT_CONVERSION = YES;
				GCC_WARN_ABOUT_RETURN_TYPE = YES_ERROR;
				GCC_WARN_UNDECLARED_SELECTOR = YES;
				GCC_WARN_UNINITIALIZED_AUTOS = YES_AGGRESSIVE;
				GCC_WARN_UNUSED_FUNCTION = YES;
				GCC_WARN_UNUSED_VARIABLE = YES;
				LOCALIZATION_PREFERS_STRING_CATALOGS = YES;
				MACOSX_DEPLOYMENT_TARGET = 15.7;
				MTL_ENABLE_DEBUG_INFO = NO;
				MTL_FAST_MATH = YES;
				SDKROOT = macosx;
				SWIFT_COMPILATION_MODE = wholemodule;
			};
			name = Release;
		};
		1FA2F9C62FB23BE000F0B1A7 /* Debug */ = {
			isa = XCBuildConfiguration;
			buildSettings = {
				CODE_SIGN_STYLE = Automatic;
				CURRENT_PROJECT_VERSION = 1;
				ENABLE_APP_SANDBOX = YES;
				ENABLE_HARDENED_RUNTIME = YES;
				ENABLE_USER_SELECTED_FILES = readonly;
				GENERATE_INFOPLIST_FILE = YES;
				INFOPLIST_FILE = "SymphonyToolsSafari Extension/Info.plist";
				INFOPLIST_KEY_CFBundleDisplayName = "SymphonyToolsSafari Extension";
				INFOPLIST_KEY_NSHumanReadableCopyright = "";
				LD_RUNPATH_SEARCH_PATHS = (
					"$(inherited)",
					"@executable_path/../Frameworks",
					"@executable_path/../../../../Frameworks",
				);
				MACOSX_DEPLOYMENT_TARGET = 10.14;
				MARKETING_VERSION = 1.0;
				OTHER_LDFLAGS = (
					"-framework",
					SafariServices,
				);
				PRODUCT_BUNDLE_IDENTIFIER = com.jeff.symphonytools.SymphonyToolsSafari.Extension;
				PRODUCT_NAME = "$(TARGET_NAME)";
				SKIP_INSTALL = YES;
				STRING_CATALOG_GENERATE_SYMBOLS = YES;
				SWIFT_APPROACHABLE_CONCURRENCY = YES;
				SWIFT_EMIT_LOC_STRINGS = YES;
				SWIFT_UPCOMING_FEATURE_MEMBER_IMPORT_VISIBILITY = YES;
				SWIFT_VERSION = 5.0;
			};
			name = Debug;
		};
		1FA2F9C72FB23BE000F0B1A7 /* Release */ = {
			isa = XCBuildConfiguration;
			buildSettings = {
				CODE_SIGN_STYLE = Automatic;
				CURRENT_PROJECT_VERSION = 1;
				ENABLE_APP_SANDBOX = YES;
				ENABLE_HARDENED_RUNTIME = YES;
				ENABLE_USER_SELECTED_FILES = readonly;
				GENERATE_INFOPLIST_FILE = YES;
				INFOPLIST_FILE = "SymphonyToolsSafari Extension/Info.plist";
				INFOPLIST_KEY_CFBundleDisplayName = "SymphonyToolsSafari Extension";
				INFOPLIST_KEY_NSHumanReadableCopyright = "";
				LD_RUNPATH_SEARCH_PATHS = (
					"$(inherited)",
					"@executable_path/../Frameworks",
					"@executable_path/../../../../Frameworks",
				);
				MACOSX_DEPLOYMENT_TARGET = 10.14;
				MARKETING_VERSION = 1.0;
				OTHER_LDFLAGS = (
					"-framework",
					SafariServices,
				);
				PRODUCT_BUNDLE_IDENTIFIER = com.jeff.symphonytools.SymphonyToolsSafari.Extension;
				PRODUCT_NAME = "$(TARGET_NAME)";
				SKIP_INSTALL = YES;
				STRING_CATALOG_GENERATE_SYMBOLS = YES;
				SWIFT_APPROACHABLE_CONCURRENCY = YES;
				SWIFT_EMIT_LOC_STRINGS = YES;
				SWIFT_UPCOMING_FEATURE_MEMBER_IMPORT_VISIBILITY = YES;
				SWIFT_VERSION = 5.0;
			};
			name = Release;
		};
		1FA2F9CA2FB23BE000F0B1A7 /* Debug */ = {
			isa = XCBuildConfiguration;
			buildSettings = {
				ASSETCATALOG_COMPILER_APPICON_NAME = AppIcon;
				ASSETCATALOG_COMPILER_GLOBAL_ACCENT_COLOR_NAME = AccentColor;
				CODE_SIGN_STYLE = Automatic;
				COMBINE_HIDPI_IMAGES = YES;
				CURRENT_PROJECT_VERSION = 1;
				ENABLE_APP_SANDBOX = YES;
				ENABLE_HARDENED_RUNTIME = YES;
				ENABLE_OUTGOING_NETWORK_CONNECTIONS = YES;
				ENABLE_USER_SELECTED_FILES = readonly;
				GENERATE_INFOPLIST_FILE = YES;
				INFOPLIST_FILE = SymphonyToolsSafari/Info.plist;
				INFOPLIST_KEY_CFBundleDisplayName = SymphonyToolsSafari;
				INFOPLIST_KEY_NSHumanReadableCopyright = "";
				INFOPLIST_KEY_NSMainStoryboardFile = Main;
				INFOPLIST_KEY_NSPrincipalClass = NSApplication;
				LD_RUNPATH_SEARCH_PATHS = (
					"$(inherited)",
					"@executable_path/../Frameworks",
				);
				MARKETING_VERSION = 1.0;
				OTHER_LDFLAGS = (
					"-framework",
					SafariServices,
					"-framework",
					WebKit,
				);
				PRODUCT_BUNDLE_IDENTIFIER = com.jeff.symphonytools.SymphonyToolsSafari;
				PRODUCT_NAME = "$(TARGET_NAME)";
				REGISTER_APP_GROUPS = YES;
				STRING_CATALOG_GENERATE_SYMBOLS = YES;
				SWIFT_APPROACHABLE_CONCURRENCY = YES;
				SWIFT_DEFAULT_ACTOR_ISOLATION = MainActor;
				SWIFT_EMIT_LOC_STRINGS = YES;
				SWIFT_UPCOMING_FEATURE_MEMBER_IMPORT_VISIBILITY = YES;
				SWIFT_VERSION = 5.0;
			};
			name = Debug;
		};
		1FA2F9CB2FB23BE000F0B1A7 /* Release */ = {
			isa = XCBuildConfiguration;
			buildSettings = {
				ASSETCATALOG_COMPILER_APPICON_NAME = AppIcon;
				ASSETCATALOG_COMPILER_GLOBAL_ACCENT_COLOR_NAME = AccentColor;
				CODE_SIGN_STYLE = Automatic;
				COMBINE_HIDPI_IMAGES = YES;
				CURRENT_PROJECT_VERSION = 1;
				ENABLE_APP_SANDBOX = YES;
				ENABLE_HARDENED_RUNTIME = YES;
				ENABLE_OUTGOING_NETWORK_CONNECTIONS = YES;
				ENABLE_USER_SELECTED_FILES = readonly;
				GENERATE_INFOPLIST_FILE = YES;
				INFOPLIST_FILE = SymphonyToolsSafari/Info.plist;
				INFOPLIST_KEY_CFBundleDisplayName = SymphonyToolsSafari;
				INFOPLIST_KEY_NSHumanReadableCopyright = "";
				INFOPLIST_KEY_NSMainStoryboardFile = Main;
				INFOPLIST_KEY_NSPrincipalClass = NSApplication;
				LD_RUNPATH_SEARCH_PATHS = (
					"$(inherited)",
					"@executable_path/../Frameworks",
				);
				MARKETING_VERSION = 1.0;
				OTHER_LDFLAGS = (
					"-framework",
					SafariServices,
					"-framework",
					WebKit,
				);
				PRODUCT_BUNDLE_IDENTIFIER = com.jeff.symphonytools.SymphonyToolsSafari;
				PRODUCT_NAME = "$(TARGET_NAME)";
				REGISTER_APP_GROUPS = YES;
				STRING_CATALOG_GENERATE_SYMBOLS = YES;
				SWIFT_APPROACHABLE_CONCURRENCY = YES;
				SWIFT_DEFAULT_ACTOR_ISOLATION = MainActor;
				SWIFT_EMIT_LOC_STRINGS = YES;
				SWIFT_UPCOMING_FEATURE_MEMBER_IMPORT_VISIBILITY = YES;
				SWIFT_VERSION = 5.0;
			};
			name = Release;
		};
/* End XCBuildConfiguration section */

/* Begin XCConfigurationList section */
		1FA2F99B2FB23BDF00F0B1A7 /* Build configuration list for PBXProject "SymphonyToolsSafari" */ = {
			isa = XCConfigurationList;
			buildConfigurations = (
				1FA2F9C32FB23BE000F0B1A7 /* Debug */,
				1FA2F9C42FB23BE000F0B1A7 /* Release */,
			);
			defaultConfigurationIsVisible = 0;
			defaultConfigurationName = Release;
		};
		1FA2F9C52FB23BE000F0B1A7 /* Build configuration list for PBXNativeTarget "SymphonyToolsSafari Extension" */ = {
			isa = XCConfigurationList;
			buildConfigurations = (
				1FA2F9C62FB23BE000F0B1A7 /* Debug */,
				1FA2F9C72FB23BE000F0B1A7 /* Release */,
			);
			defaultConfigurationIsVisible = 0;
			defaultConfigurationName = Release;
		};
		1FA2F9C92FB23BE000F0B1A7 /* Build configuration list for PBXNativeTarget "SymphonyToolsSafari" */ = {
			isa = XCConfigurationList;
			buildConfigurations = (
				1FA2F9CA2FB23BE000F0B1A7 /* Debug */,
				1FA2F9CB2FB23BE000F0B1A7 /* Release */,
			);
			defaultConfigurationIsVisible = 0;
			defaultConfigurationName = Release;
		};
/* End XCConfigurationList section */
	};
	rootObject = 1FA2F9982FB23BDF00F0B1A7 /* Project object */;
}
